
Microsoft Visual Studio Solution File, Format Version 9.00
# Visual Studio 2005
Project("{FAE04EC0-301F-11D3-BF4B-00C04F79EFBC}") = "Switcher", "Switcher\Switcher.csproj", "{5B8B47DF-BB0C-4A47-920F-CD8954099E39}"
EndProject
Project("{B900F1C2-3D47-4FEC-85B3-04AAF18C3634}") = "SwitcherCAB", "SwitcherCAB\SwitcherCAB.vddproj", "{17E974C4-5BD0-4A8F-8158-889FBF7C1386}"
EndProject
Project("{FAE04EC0-301F-11D3-BF4B-00C04F79EFBC}") = "eLifeTerminate", "..\eLifeTerminate\eLifeTerminate\eLifeTerminate.csproj", "{DAFE1AFF-532B-4F75-AC70-C307BA971EB9}"
EndProject
Global
	GlobalSection(SolutionConfigurationPlatforms) = preSolution
		Debug|Any CPU = Debug|Any CPU
		Release|Any CPU = Release|Any CPU
	EndGlobalSection
	GlobalSection(ProjectConfigurationPlatforms) = postSolution
		{5B8B47DF-BB0C-4A47-920F-CD8954099E39}.Debug|Any CPU.ActiveCfg = Debug|Any CPU
		{5B8B47DF-BB0C-4A47-920F-CD8954099E39}.Debug|Any CPU.Build.0 = Debug|Any CPU
		{5B8B47DF-BB0C-4A47-920F-CD8954099E39}.Debug|Any CPU.Deploy.0 = Debug|Any CPU
		{5B8B47DF-BB0C-4A47-920F-CD8954099E39}.Release|Any CPU.ActiveCfg = Release|Any CPU
		{5B8B47DF-BB0C-4A47-920F-CD8954099E39}.Release|Any CPU.Build.0 = Release|Any CPU
		{5B8B47DF-BB0C-4A47-920F-CD8954099E39}.Release|Any CPU.Deploy.0 = Release|Any CPU
		{17E974C4-5BD0-4A8F-8158-889FBF7C1386}.Debug|Any CPU.ActiveCfg = Debug
		{17E974C4-5BD0-4A8F-8158-889FBF7C1386}.Release|Any CPU.ActiveCfg = Release
		{17E974C4-5BD0-4A8F-8158-889FBF7C1386}.Release|Any CPU.Build.0 = Release
		{DAFE1AFF-532B-4F75-AC70-C307BA971EB9}.Debug|Any CPU.ActiveCfg = Debug|Any CPU
		{DAFE1AFF-532B-4F75-AC70-C307BA971EB9}.Debug|Any CPU.Build.0 = Debug|Any CPU
		{DAFE1AFF-532B-4F75-AC70-C307BA971EB9}.Debug|Any CPU.Deploy.0 = Debug|Any CPU
		{DAFE1AFF-532B-4F75-AC70-C307BA971EB9}.Release|Any CPU.ActiveCfg = Release|Any CPU
		{DAFE1AFF-532B-4F75-AC70-C307BA971EB9}.Release|Any CPU.Build.0 = Release|Any CPU
		{DAFE1AFF-532B-4F75-AC70-C307BA971EB9}.Release|Any CPU.Deploy.0 = Release|Any CPU
	EndGlobalSection
	GlobalSection(SolutionProperties) = preSolution
		HideSolutionNode = FALSE
	EndGlobalSection
EndGlobal
